<Solution>
  <Project Path="FondsSocial.API/FondsSocial.API.csproj" />
  <Project Path="FondsSocial.Application.Tests/FondsSocial.Application.Tests.csproj">
    <Build Solution="Debug|*" Project="false" />
  </Project>
  <Project Path="FondsSocial.Application/FondsSocial.Application.csproj" />
  <Project Path="FondsSocial.Domain/FondsSocial.Domain.csproj" />
  <Project Path="FondsSocial.Infrastructure/FondsSocial.Infrastructure.csproj" />
</Solution>